
Microsoft Visual Studio Solution File, Format Version 12.00
# Visual Studio Version 16
VisualStudioVersion = 16.0.32106.194
MinimumVisualStudioVersion = 10.0.40219.1
Project("{FAE04EC0-301F-11D3-BF4B-00C04F79EFBC}") = "MvcStok", "MvcStok\MvcStok.csproj", "{382432C9-72CF-4E5C-87CC-66F4E79B2494}"
EndProject
Global
	GlobalSection(SolutionConfigurationPlatforms) = preSolution
		Debug|Any CPU = Debug|Any CPU
		Release|Any CPU = Release|Any CPU
	EndGlobalSection
	GlobalSection(ProjectConfigurationPlatforms) = postSolution
		{382432C9-72CF-4E5C-87CC-66F4E79B2494}.Debug|Any CPU.ActiveCfg = Debug|Any CPU
		{382432C9-72CF-4E5C-87CC-66F4E79B2494}.Debug|Any CPU.Build.0 = Debug|Any CPU
		{382432C9-72CF-4E5C-87CC-66F4E79B2494}.Release|Any CPU.ActiveCfg = Release|Any CPU
		{382432C9-72CF-4E5C-87CC-66F4E79B2494}.Release|Any CPU.Build.0 = Release|Any CPU
	EndGlobalSection
	GlobalSection(SolutionProperties) = preSolution
		HideSolutionNode = FALSE
	EndGlobalSection
	GlobalSection(ExtensibilityGlobals) = postSolution
		SolutionGuid = {6FAC3933-B6B8-40A1-B6E9-DAD7BD0C4AEA}
	EndGlobalSection
EndGlobal
